{
  "version": 4,
  "terraform_version": "1.1.3",
  "serial": 29,
  "lineage": "ea691b86-5f1e-8ed2-f784-8c52033e63b5",
  "outputs": {},
  "resources": [
    {
      "mode": "managed",
      "type": "yandex_vpc_network",
      "name": "network-1",
      "provider": "provider[\"registry.terraform.io/yandex-cloud/yandex\"]",
      "instances": [
        {
          "schema_version": 0,
          "attributes": {
            "created_at": "2022-01-18T16:23:20Z",
            "default_security_group_id": "",
            "description": "",
            "folder_id": "b1g8t3bjiia4btu74dmc",
            "id": "enpioov4t3d7qap1ri96",
            "labels": {},
            "name": "network1",
            "subnet_ids": [
              "e9bt64fp8pbjndrefkqq"
            ],
            "timeouts": null
          },
          "sensitive_attributes": [],
          "private": "eyJlMmJmYjczMC1lY2FhLTExZTYtOGY4OC0zNDM2M2JjN2M0YzAiOnsiY3JlYXRlIjo2MDAwMDAwMDAwMCwiZGVsZXRlIjo2MDAwMDAwMDAwMCwidXBkYXRlIjo2MDAwMDAwMDAwMH19"
        }
      ]
    },
    {
      "mode": "managed",
      "type": "yandex_vpc_subnet",
      "name": "subnet-1",
      "provider": "provider[\"registry.terraform.io/yandex-cloud/yandex\"]",
      "instances": [
        {
          "schema_version": 0,
          "attributes": {
            "created_at": "2022-01-18T16:23:21Z",
            "description": "",
            "dhcp_options": [],
            "folder_id": "b1g8t3bjiia4btu74dmc",
            "id": "e9bt64fp8pbjndrefkqq",
            "labels": {},
            "name": "subnet1",
            "network_id": "enpioov4t3d7qap1ri96",
            "route_table_id": "",
            "timeouts": null,
            "v4_cidr_blocks": [
              "192.168.10.0/24"
            ],
            "v6_cidr_blocks": [],
            "zone": "ru-central1-a"
          },
          "sensitive_attributes": [],
          "private": "eyJlMmJmYjczMC1lY2FhLTExZTYtOGY4OC0zNDM2M2JjN2M0YzAiOnsiY3JlYXRlIjoxODAwMDAwMDAwMDAsImRlbGV0ZSI6MTgwMDAwMDAwMDAwLCJ1cGRhdGUiOjE4MDAwMDAwMDAwMH19",
          "dependencies": [
            "yandex_vpc_network.network-1"
          ]
        }
      ]
    }
  ]
}
