PS C:\DevOps\Terraform> terraform plan

Terraform used the selected providers to generate the following execution plan. Resource actions are indicated with the following symbols:
  + create

Terraform will perform the following actions:

  # yandex_compute_instance.vm-1 will be created
  + resource "yandex_compute_instance" "vm-1" {
      + created_at                = (known after apply)
      + folder_id                 = (known after apply)
      + fqdn                      = (known after apply)
      + hostname                  = (known after apply)
      + id                        = (known after apply)
      + metadata                  = {
          + "ssh-keys" = <<-EOT
                ubuntu:ssh-rsa AAAAB3NzaC1yc2EAAAADAQABAAABAQDF8Fy2pb8jtYkezyaF4O8L0m4MZCRG3h3nUk7vV5chquF207A0dCC2viPc3+CP6JuI7iAQOdCVS/ZMHwwkAmVvQ/9yXGQ9EXGxGUW9dGiQkjBjangja+cEFuJS1l4XjkkfRjIFl62nBeDZ65KEkJkFPeof4dIb5fK89H4IMO+x5z8Gx2yZDUx3bq1nJ8jswVsgma+HJLPhKJkUDqQEogKVyE+Ik3v2NZTVE/HsH5uXaUJsitbR8qRwEiHsrIBWGOGKAHFMoMP4FdCwHsXsLhcJFFL/XtoslkPcUlvlCKVu+/VoHATgb3ZlceGpFl4K8Cq9NMAexFjogVFhd/su3DuD bogda@HOME
            EOT
        }
      + name                      = "terraform1"
      + network_acceleration_type = "standard"
      + platform_id               = "standard-v1"
      + service_account_id        = (known after apply)
      + status                    = (known after apply)
      + zone                      = (known after apply)

      + boot_disk {
          + auto_delete = true
          + device_name = (known after apply)
          + disk_id     = (known after apply)
          + mode        = (known after apply)

          + initialize_params {
              + description = (known after apply)
              + image_id    = "fd80viupr3qjr5g6g9du"
              + name        = (known after apply)
              + size        = (known after apply)
              + snapshot_id = (known after apply)
              + type        = "network-hdd"
            }
        }

      + network_interface {
          + index              = (known after apply)
          + ip_address         = (known after apply)
          + ipv4               = true
          + ipv6               = (known after apply)
          + ipv6_address       = (known after apply)
          + mac_address        = (known after apply)
          + nat                = true
          + nat_ip_address     = (known after apply)
          + nat_ip_version     = (known after apply)
          + security_group_ids = (known after apply)
          + subnet_id          = (known after apply)
        }

      + placement_policy {
          + placement_group_id = (known after apply)
        }

      + resources {
          + core_fraction = 100
          + cores         = 2
          + memory        = 2
        }

      + scheduling_policy {
          + preemptible = (known after apply)
        }
    }

  # yandex_compute_instance.vm-2 will be created
  + resource "yandex_compute_instance" "vm-2" {
      + created_at                = (known after apply)
      + folder_id                 = (known after apply)
      + fqdn                      = (known after apply)
      + hostname                  = (known after apply)
      + id                        = (known after apply)
      + metadata                  = {
          + "ssh-keys" = <<-EOT
                ubuntu:ssh-rsa AAAAB3NzaC1yc2EAAAADAQABAAABAQDF8Fy2pb8jtYkezyaF4O8L0m4MZCRG3h3nUk7vV5chquF207A0dCC2viPc3+CP6JuI7iAQOdCVS/ZMHwwkAmVvQ/9yXGQ9EXGxGUW9dGiQkjBjangja+cEFuJS1l4XjkkfRjIFl62nBeDZ65KEkJkFPeof4dIb5fK89H4IMO+x5z8Gx2yZDUx3bq1nJ8jswVsgma+HJLPhKJkUDqQEogKVyE+Ik3v2NZTVE/HsH5uXaUJsitbR8qRwEiHsrIBWGOGKAHFMoMP4FdCwHsXsLhcJFFL/XtoslkPcUlvlCKVu+/VoHATgb3ZlceGpFl4K8Cq9NMAexFjogVFhd/su3DuD bogda@HOME
            EOT
        }
      + name                      = "terraform2"
      + network_acceleration_type = "standard"
      + platform_id               = "standard-v1"
      + service_account_id        = (known after apply)
      + status                    = (known after apply)
      + zone                      = (known after apply)

      + boot_disk {
          + auto_delete = true
          + device_name = (known after apply)
          + disk_id     = (known after apply)
          + mode        = (known after apply)

          + initialize_params {
              + description = (known after apply)
              + image_id    = "fd80viupr3qjr5g6g9du"
              + name        = (known after apply)
              + size        = (known after apply)
              + snapshot_id = (known after apply)
              + type        = "network-hdd"
            }
        }

      + network_interface {
          + index              = (known after apply)
          + ip_address         = (known after apply)
          + ipv4               = true
          + ipv6               = (known after apply)
          + ipv6_address       = (known after apply)
          + mac_address        = (known after apply)
          + nat                = true
          + nat_ip_address     = (known after apply)
          + nat_ip_version     = (known after apply)
          + security_group_ids = (known after apply)
          + subnet_id          = (known after apply)
        }

      + placement_policy {
          + placement_group_id = (known after apply)
        }

      + resources {
          + core_fraction = 100
          + cores         = 2
          + memory        = 2
        }

      + scheduling_policy {
          + preemptible = (known after apply)
        }
    }

  # yandex_vpc_network.network-1 will be created
  + resource "yandex_vpc_network" "network-1" {
      + created_at                = (known after apply)
      + default_security_group_id = (known after apply)
      + folder_id                 = (known after apply)
      + id                        = (known after apply)
      + name                      = "network1"
      + subnet_ids                = (known after apply)
    }

  # yandex_vpc_subnet.subnet-1 will be created
  + resource "yandex_vpc_subnet" "subnet-1" {
      + created_at     = (known after apply)
      + folder_id      = (known after apply)
      + id             = (known after apply)
      + name           = "subnet1"
      + network_id     = (known after apply)
      + v4_cidr_blocks = [
          + "192.168.10.0/24",
        ]
      + v6_cidr_blocks = (known after apply)
      + zone           = "ru-central1-a"
    }

Plan: 4 to add, 0 to change, 0 to destroy.

Changes to Outputs:
  + external_ip_address_vm_1 = (known after apply)
  + external_ip_address_vm_2 = (known after apply)
  + internal_ip_address_vm_1 = (known after apply)
  + internal_ip_address_vm_2 = (known after apply)